
Microsoft Visual Studio Solution File, Format Version 12.00
# Visual Studio Version 17
VisualStudioVersion = 17.2.32505.173
MinimumVisualStudioVersion = 10.0.40219.1
Project("{9A19103F-16F7-4668-BE54-9A1E7A4F7556}") = "TireService", "TireService\TireService.csproj", "{F114C67E-9B42-425B-BAF2-86A9B67E9356}"
EndProject
Global
	GlobalSection(SolutionConfigurationPlatforms) = preSolution
		Debug|Any CPU = Debug|Any CPU
		Release|Any CPU = Release|Any CPU
	EndGlobalSection
	GlobalSection(ProjectConfigurationPlatforms) = postSolution
		{F114C67E-9B42-425B-BAF2-86A9B67E9356}.Debug|Any CPU.ActiveCfg = Debug|Any CPU
		{F114C67E-9B42-425B-BAF2-86A9B67E9356}.Debug|Any CPU.Build.0 = Debug|Any CPU
		{F114C67E-9B42-425B-BAF2-86A9B67E9356}.Release|Any CPU.ActiveCfg = Release|Any CPU
		{F114C67E-9B42-425B-BAF2-86A9B67E9356}.Release|Any CPU.Build.0 = Release|Any CPU
	EndGlobalSection
	GlobalSection(SolutionProperties) = preSolution
		HideSolutionNode = FALSE
	EndGlobalSection
	GlobalSection(ExtensibilityGlobals) = postSolution
		SolutionGuid = {326DEE10-5E82-4CFE-83F1-0E28F4DC192A}
	EndGlobalSection
EndGlobal
